{
    "cron/cron": {
        "version": "1.4.1"
    },
    "cron/cron-bundle": {
        "version": "2.1.0"
    },
    "layershifter/tld-database": {
        "version": "1.0.68"
    },
    "layershifter/tld-extract": {
        "version": "2.0.1"
    },
    "layershifter/tld-support": {
        "version": "1.1.1"
    },
    "monolog/monolog": {
        "version": "1.24.0"
    },
    "squizlabs/php_codesniffer": {
        "version": "3.0",
        "recipe": {
            "repo": "github.com/symfony/recipes-contrib",
            "branch": "master",
            "version": "3.0",
            "ref": "0dc9cceda799fd3a08b96987e176a261028a3709"
        },
        "files": [
            "phpcs.xml.dist"
        ]
    },
    "symfony/monolog-bridge": {
        "version": "v4.2.5"
    },
    "symfony/monolog-bundle": {
        "version": "3.1",
        "recipe": {
            "repo": "github.com/symfony/recipes",
            "branch": "master",
            "version": "3.1",
            "ref": "18ebf5a940573a20de06f9c4060101eeb438cf3d"
        },
        "files": [
            "config/packages/dev/monolog.yaml",
            "config/packages/prod/monolog.yaml",
            "config/packages/test/monolog.yaml"
        ]
    },
    "symfony/polyfill-intl-idn": {
        "version": "v1.11.0"
    },
    "symfony/polyfill-php72": {
        "version": "v1.11.0"
    },
    "symfony/proxy-manager-bridge": {
        "version": "v4.2.4"
    }
}
